
Microsoft Visual Studio Solution File, Format Version 12.00
# Visual Studio 2013
VisualStudioVersion = 12.0.30501.0
MinimumVisualStudioVersion = 10.0.40219.1
Project("{FAE04EC0-301F-11D3-BF4B-00C04F79EFBC}") = "MetStation", "MetStation\MetStation.csproj", "{4036A306-C08E-44D6-ABDE-E7AD0D518A47}"
EndProject
Project("{F088123C-0E9E-452A-89E6-6BA2F21D5CAC}") = "StacjaMete", "StacjaMete\StacjaMete.modelproj", "{377E3C67-9D90-4130-ADE0-7C2A963BF3D0}"
EndProject
Global
	GlobalSection(SolutionConfigurationPlatforms) = preSolution
		Debug|Any CPU = Debug|Any CPU
		Release|Any CPU = Release|Any CPU
	EndGlobalSection
	GlobalSection(ProjectConfigurationPlatforms) = postSolution
		{4036A306-C08E-44D6-ABDE-E7AD0D518A47}.Debug|Any CPU.ActiveCfg = Debug|Any CPU
		{4036A306-C08E-44D6-ABDE-E7AD0D518A47}.Debug|Any CPU.Build.0 = Debug|Any CPU
		{4036A306-C08E-44D6-ABDE-E7AD0D518A47}.Release|Any CPU.ActiveCfg = Release|Any CPU
		{4036A306-C08E-44D6-ABDE-E7AD0D518A47}.Release|Any CPU.Build.0 = Release|Any CPU
		{377E3C67-9D90-4130-ADE0-7C2A963BF3D0}.Debug|Any CPU.ActiveCfg = Debug|Any CPU
		{377E3C67-9D90-4130-ADE0-7C2A963BF3D0}.Debug|Any CPU.Build.0 = Debug|Any CPU
		{377E3C67-9D90-4130-ADE0-7C2A963BF3D0}.Release|Any CPU.ActiveCfg = Release|Any CPU
		{377E3C67-9D90-4130-ADE0-7C2A963BF3D0}.Release|Any CPU.Build.0 = Release|Any CPU
	EndGlobalSection
	GlobalSection(SolutionProperties) = preSolution
		HideSolutionNode = FALSE
	EndGlobalSection
EndGlobal
